// !$*UTF8*$!
{
	archiveVersion = 1;
	classes = {
	};
	objectVersion = 77;
	objects = {

/* Begin PBXContainerItemProxy section */
		ADD336882D6B8D3C00695DCA /* PBXContainerItemProxy */ = {
			isa = PBXContainerItemProxy;
			containerPortal = ADD3366F2D6B8D3B00695DCA /* Project object */;
			proxyType = 1;
			remoteGlobalIDString = ADD336762D6B8D3B00695DCA;
			remoteInfo = bettermathflat;
		};
		ADD336922D6B8D3C00695DCA /* PBXContainerItemProxy */ = {
			isa = PBXContainerItemProxy;
			containerPortal = ADD3366F2D6B8D3B00695DCA /* Project object */;
			proxyType = 1;
			remoteGlobalIDString = ADD336762D6B8D3B00695DCA;
			remoteInfo = bettermathflat;
		};
/* End PBXContainerItemProxy section */

/* Begin PBXFileReference section */
		ADD336772D6B8D3B00695DCA /* bettermathflat.app */ = {isa = PBXFileReference; explicitFileType = wrapper.application; includeInIndex = 0; path = bettermathflat.app; sourceTree = BUILT_PRODUCTS_DIR; };
		ADD336872D6B8D3C00695DCA /* bettermathflatTests.xctest */ = {isa = PBXFileReference; explicitFileType = wrapper.cfbundle; includeInIndex = 0; path = bettermathflatTests.xctest; sourceTree = BUILT_PRODUCTS_DIR; };
		ADD336912D6B8D3C00695DCA /* bettermathflatUITests.xctest */ = {isa = PBXFileReference; explicitFileType = wrapper.cfbundle; includeInIndex = 0; path = bettermathflatUITests.xctest; sourceTree = BUILT_PRODUCTS_DIR; };
/* End PBXFileReference section */

/* Begin PBXFileSystemSynchronizedRootGroup section */
		ADD336792D6B8D3B00695DCA /* bettermathflat */ = {
			isa = PBXFileSystemSynchronizedRootGroup;
			path = bettermathflat;
			sourceTree = "<group>";
		};
		ADD3368A2D6B8D3C00695DCA /* bettermathflatTests */ = {
			isa = PBXFileSystemSynchronizedRootGroup;
			path = bettermathflatTests;
			sourceTree = "<group>";
		};
		ADD336942D6B8D3C00695DCA /* bettermathflatUITests */ = {
			isa = PBXFileSystemSynchronizedRootGroup;
			path = bettermathflatUITests;
			sourceTree = "<group>";
		};
/* End PBXFileSystemSynchronizedRootGroup section */

/* Begin PBXFrameworksBuildPhase section */
		ADD336742D6B8D3B00695DCA /* Frameworks */ = {
			isa = PBXFrameworksBuildPhase;
			buildActionMask = 2147483647;
			files = (
			);
			runOnlyForDeploymentPostprocessing = 0;
		};
		ADD336842D6B8D3C00695DCA /* Frameworks */ = {
			isa = PBXFrameworksBuildPhase;
			buildActionMask = 2147483647;
			files = (
			);
			runOnlyForDeploymentPostprocessing = 0;
		};
		ADD3368E2D6B8D3C00695DCA /* Frameworks */ = {
			isa = PBXFrameworksBuildPhase;
			buildActionMask = 2147483647;
			files = (
			);
			runOnlyForDeploymentPostprocessing = 0;
		};
/* End PBXFrameworksBuildPhase section */

/* Begin PBXGroup section */
		ADD3366E2D6B8D3B00695DCA = {
			isa = PBXGroup;
			children = (
				ADD336792D6B8D3B00695DCA /* bettermathflat */,
				ADD3368A2D6B8D3C00695DCA /* bettermathflatTests */,
				ADD336942D6B8D3C00695DCA /* bettermathflatUITests */,
				ADD336782D6B8D3B00695DCA /* Products */,
			);
			sourceTree = "<group>";
		};
		ADD336782D6B8D3B00695DCA /* Products */ = {
			isa = PBXGroup;
			children = (
				ADD336772D6B8D3B00695DCA /* bettermathflat.app */,
				ADD336872D6B8D3C00695DCA /* bettermathflatTests.xctest */,
				ADD336912D6B8D3C00695DCA /* bettermathflatUITests.xctest */,
			);
			name = Products;
			sourceTree = "<group>";
		};
/* End PBXGroup section */

/* Begin PBXNativeTarget section */
		ADD336762D6B8D3B00695DCA /* bettermathflat */ = {
			isa = PBXNativeTarget;
			buildConfigurationList = ADD3369B2D6B8D3C00695DCA /* Build configuration list for PBXNativeTarget "bettermathflat" */;
			buildPhases = (
				ADD336732D6B8D3B00695DCA /* Sources */,
				ADD336742D6B8D3B00695DCA /* Frameworks */,
				ADD336752D6B8D3B00695DCA /* Resources */,
			);
			buildRules = (
			);
			dependencies = (
			);
			fileSystemSynchronizedGroups = (
				ADD336792D6B8D3B00695DCA /* bettermathflat */,
			);
			name = bettermathflat;
			packageProductDependencies = (
			);
			productName = bettermathflat;
			productReference = ADD336772D6B8D3B00695DCA /* bettermathflat.app */;
			productType = "com.apple.product-type.application";
		};
		ADD336862D6B8D3C00695DCA /* bettermathflatTests */ = {
			isa = PBXNativeTarget;
			buildConfigurationList = ADD3369E2D6B8D3C00695DCA /* Build configuration list for PBXNativeTarget "bettermathflatTests" */;
			buildPhases = (
				ADD336832D6B8D3C00695DCA /* Sources */,
				ADD336842D6B8D3C00695DCA /* Frameworks */,
				ADD336852D6B8D3C00695DCA /* Resources */,
			);
			buildRules = (
			);
			dependencies = (
				ADD336892D6B8D3C00695DCA /* PBXTargetDependency */,
			);
			fileSystemSynchronizedGroups = (
				ADD3368A2D6B8D3C00695DCA /* bettermathflatTests */,
			);
			name = bettermathflatTests;
			packageProductDependencies = (
			);
			productName = bettermathflatTests;
			productReference = ADD336872D6B8D3C00695DCA /* bettermathflatTests.xctest */;
			productType = "com.apple.product-type.bundle.unit-test";
		};
		ADD336902D6B8D3C00695DCA /* bettermathflatUITests */ = {
			isa = PBXNativeTarget;
			buildConfigurationList = ADD336A12D6B8D3C00695DCA /* Build configuration list for PBXNativeTarget "bettermathflatUITests" */;
			buildPhases = (
				ADD3368D2D6B8D3C00695DCA /* Sources */,
				ADD3368E2D6B8D3C00695DCA /* Frameworks */,
				ADD3368F2D6B8D3C00695DCA /* Resources */,
			);
			buildRules = (
			);
			dependencies = (
				ADD336932D6B8D3C00695DCA /* PBXTargetDependency */,
			);
			fileSystemSynchronizedGroups = (
				ADD336942D6B8D3C00695DCA /* bettermathflatUITests */,
			);
			name = bettermathflatUITests;
			packageProductDependencies = (
			);
			productName = bettermathflatUITests;
			productReference = ADD336912D6B8D3C00695DCA /* bettermathflatUITests.xctest */;
			productType = "com.apple.product-type.bundle.ui-testing";
		};
/* End PBXNativeTarget section */

/* Begin PBXProject section */
		ADD3366F2D6B8D3B00695DCA /* Project object */ = {
			isa = PBXProject;
			attributes = {
				BuildIndependentTargetsInParallel = 1;
				LastSwiftUpdateCheck = 1620;
				LastUpgradeCheck = 1620;
				TargetAttributes = {
					ADD336762D6B8D3B00695DCA = {
						CreatedOnToolsVersion = 16.2;
					};
					ADD336862D6B8D3C00695DCA = {
						CreatedOnToolsVersion = 16.2;
						TestTargetID = ADD336762D6B8D3B00695DCA;
					};
					ADD336902D6B8D3C00695DCA = {
						CreatedOnToolsVersion = 16.2;
						TestTargetID = ADD336762D6B8D3B00695DCA;
					};
				};
			};
			buildConfigurationList = ADD336722D6B8D3B00695DCA /* Build configuration list for PBXProject "bettermathflat" */;
			developmentRegion = en;
			hasScannedForEncodings = 0;
			knownRegions = (
				en,
				Base,
			);
			mainGroup = ADD3366E2D6B8D3B00695DCA;
			minimizedProjectReferenceProxies = 1;
			preferredProjectObjectVersion = 77;
			productRefGroup = ADD336782D6B8D3B00695DCA /* Products */;
			projectDirPath = "";
			projectRoot = "";
			targets = (
				ADD336762D6B8D3B00695DCA /* bettermathflat */,
				ADD336862D6B8D3C00695DCA /* bettermathflatTests */,
				ADD336902D6B8D3C00695DCA /* bettermathflatUITests */,
			);
		};
/* End PBXProject section */

/* Begin PBXResourcesBuildPhase section */
		ADD336752D6B8D3B00695DCA /* Resources */ = {
			isa = PBXResourcesBuildPhase;
			buildActionMask = 2147483647;
			files = (
			);
			runOnlyForDeploymentPostprocessing = 0;
		};
		ADD336852D6B8D3C00695DCA /* Resources */ = {
			isa = PBXResourcesBuildPhase;
			buildActionMask = 2147483647;
			files = (
			);
			runOnlyForDeploymentPostprocessing = 0;
		};
		ADD3368F2D6B8D3C00695DCA /* Resources */ = {
			isa = PBXResourcesBuildPhase;
			buildActionMask = 2147483647;
			files = (
			);
			runOnlyForDeploymentPostprocessing = 0;
		};
/* End PBXResourcesBuildPhase section */

/* Begin PBXSourcesBuildPhase section */
		ADD336732D6B8D3B00695DCA /* Sources */ = {
			isa = PBXSourcesBuildPhase;
			buildActionMask = 2147483647;
			files = (
			);
			runOnlyForDeploymentPostprocessing = 0;
		};
		ADD336832D6B8D3C00695DCA /* Sources */ = {
			isa = PBXSourcesBuildPhase;
			buildActionMask = 2147483647;
			files = (
			);
			runOnlyForDeploymentPostprocessing = 0;
		};
		ADD3368D2D6B8D3C00695DCA /* Sources */ = {
			isa = PBXSourcesBuildPhase;
			buildActionMask = 2147483647;
			files = (
			);
			runOnlyForDeploymentPostprocessing = 0;
		};
/* End PBXSourcesBuildPhase section */

/* Begin PBXTargetDependency section */
		ADD336892D6B8D3C00695DCA /* PBXTargetDependency */ = {
			isa = PBXTargetDependency;
			target = ADD336762D6B8D3B00695DCA /* bettermathflat */;
			targetProxy = ADD336882D6B8D3C00695DCA /* PBXContainerItemProxy */;
		};
		ADD336932D6B8D3C00695DCA /* PBXTargetDependency */ = {
			isa = PBXTargetDependency;
			target = ADD336762D6B8D3B00695DCA /* bettermathflat */;
			targetProxy = ADD336922D6B8D3C00695DCA /* PBXContainerItemProxy */;
		};
/* End PBXTargetDependency section */

/* Begin XCBuildConfiguration section */
		ADD336992D6B8D3C00695DCA /* Debug */ = {
			isa = XCBuildConfiguration;
			buildSettings = {
				ALWAYS_SEARCH_USER_PATHS = NO;
				ASSETCATALOG_COMPILER_GENERATE_SWIFT_ASSET_SYMBOL_EXTENSIONS = YES;
				CLANG_ANALYZER_NONNULL = YES;
				CLANG_ANALYZER_NUMBER_OBJECT_CONVERSION = YES_AGGRESSIVE;
				CLANG_CXX_LANGUAGE_STANDARD = "gnu++20";
				CLANG_ENABLE_MODULES = YES;
				CLANG_ENABLE_OBJC_ARC = YES;
				CLANG_ENABLE_OBJC_WEAK = YES;
				CLANG_WARN_BLOCK_CAPTURE_AUTORELEASING = YES;
				CLANG_WARN_BOOL_CONVERSION = YES;
				CLANG_WARN_COMMA = YES;
				CLANG_WARN_CONSTANT_CONVERSION = YES;
				CLANG_WARN_DEPRECATED_OBJC_IMPLEMENTATIONS = YES;
				CLANG_WARN_DIRECT_OBJC_ISA_USAGE = YES_ERROR;
				CLANG_WARN_DOCUMENTATION_COMMENTS = YES;
				CLANG_WARN_EMPTY_BODY = YES;
				CLANG_WARN_ENUM_CONVERSION = YES;
				CLANG_WARN_INFINITE_RECURSION = YES;
				CLANG_WARN_INT_CONVERSION = YES;
				CLANG_WARN_NON_LITERAL_NULL_CONVERSION = YES;
				CLANG_WARN_OBJC_IMPLICIT_RETAIN_SELF = YES;
				CLANG_WARN_OBJC_LITERAL_CONVERSION = YES;
				CLANG_WARN_OBJC_ROOT_CLASS = YES_ERROR;
				CLANG_WARN_QUOTED_INCLUDE_IN_FRAMEWORK_HEADER = YES;
				CLANG_WARN_RANGE_LOOP_ANALYSIS = YES;
				CLANG_WARN_STRICT_PROTOTYPES = YES;
				CLANG_WARN_SUSPICIOUS_MOVE = YES;
				CLANG_WARN_UNGUARDED_AVAILABILITY = YES_AGGRESSIVE;
				CLANG_WARN_UNREACHABLE_CODE = YES;
				CLANG_WARN__DUPLICATE_METHOD_MATCH = YES;
				COPY_PHASE_STRIP = NO;
				DEBUG_INFORMATION_FORMAT = dwarf;
				ENABLE_STRICT_OBJC_MSGSEND = YES;
				ENABLE_TESTABILITY = YES;
				ENABLE_USER_SCRIPT_SANDBOXING = YES;
				GCC_C_LANGUAGE_STANDARD = gnu17;
				GCC_DYNAMIC_NO_PIC = NO;
				GCC_NO_COMMON_BLOCKS = YES;
				GCC_OPTIMIZATION_LEVEL = 0;
				GCC_PREPROCESSOR_DEFINITIONS = (
					"DEBUG=1",
					"$(inherited)",
				);
				GCC_WARN_64_TO_32_BIT_CONVERSION = YES;
				GCC_WARN_ABOUT_RETURN_TYPE = YES_ERROR;
				GCC_WARN_UNDECLARED_SELECTOR = YES;
				GCC_WARN_UNINITIALIZED_AUTOS = YES_AGGRESSIVE;
				GCC_WARN_UNUSED_FUNCTION = YES;
				GCC_WARN_UNUSED_VARIABLE = YES;
				IPHONEOS_DEPLOYMENT_TARGET = 18.2;
				LOCALIZATION_PREFERS_STRING_CATALOGS = YES;
				MTL_ENABLE_DEBUG_INFO = INCLUDE_SOURCE;
				MTL_FAST_MATH = YES;
				ONLY_ACTIVE_ARCH = YES;
				SDKROOT = iphoneos;
				SWIFT_ACTIVE_COMPILATION_CONDITIONS = "DEBUG $(inherited)";
				SWIFT_OPTIMIZATION_LEVEL = "-Onone";
			};
			name = Debug;
		};
		ADD3369A2D6B8D3C00695DCA /* Release */ = {
			isa = XCBuildConfiguration;
			buildSettings = {
				ALWAYS_SEARCH_USER_PATHS = NO;
				ASSETCATALOG_COMPILER_GENERATE_SWIFT_ASSET_SYMBOL_EXTENSIONS = YES;
				CLANG_ANALYZER_NONNULL = YES;
				CLANG_ANALYZER_NUMBER_OBJECT_CONVERSION = YES_AGGRESSIVE;
				CLANG_CXX_LANGUAGE_STANDARD = "gnu++20";
				CLANG_ENABLE_MODULES = YES;
				CLANG_ENABLE_OBJC_ARC = YES;
				CLANG_ENABLE_OBJC_WEAK = YES;
				CLANG_WARN_BLOCK_CAPTURE_AUTORELEASING = YES;
				CLANG_WARN_BOOL_CONVERSION = YES;
				CLANG_WARN_COMMA = YES;
				CLANG_WARN_CONSTANT_CONVERSION = YES;
				CLANG_WARN_DEPRECATED_OBJC_IMPLEMENTATIONS = YES;
				CLANG_WARN_DIRECT_OBJC_ISA_USAGE = YES_ERROR;
				CLANG_WARN_DOCUMENTATION_COMMENTS = YES;
				CLANG_WARN_EMPTY_BODY = YES;
				CLANG_WARN_ENUM_CONVERSION = YES;
				CLANG_WARN_INFINITE_RECURSION = YES;
				CLANG_WARN_INT_CONVERSION = YES;
				CLANG_WARN_NON_LITERAL_NULL_CONVERSION = YES;
				CLANG_WARN_OBJC_IMPLICIT_RETAIN_SELF = YES;
				CLANG_WARN_OBJC_LITERAL_CONVERSION = YES;
				CLANG_WARN_OBJC_ROOT_CLASS = YES_ERROR;
				CLANG_WARN_QUOTED_INCLUDE_IN_FRAMEWORK_HEADER = YES;
				CLANG_WARN_RANGE_LOOP_ANALYSIS = YES;
				CLANG_WARN_STRICT_PROTOTYPES = YES;
				CLANG_WARN_SUSPICIOUS_MOVE = YES;
				CLANG_WARN_UNGUARDED_AVAILABILITY = YES_AGGRESSIVE;
				CLANG_WARN_UNREACHABLE_CODE = YES;
				CLANG_WARN__DUPLICATE_METHOD_MATCH = YES;
				COPY_PHASE_STRIP = NO;
				DEBUG_INFORMATION_FORMAT = "dwarf-with-dsym";
				ENABLE_NS_ASSERTIONS = NO;
				ENABLE_STRICT_OBJC_MSGSEND = YES;
				ENABLE_USER_SCRIPT_SANDBOXING = YES;
				GCC_C_LANGUAGE_STANDARD = gnu17;
				GCC_NO_COMMON_BLOCKS = YES;
				GCC_WARN_64_TO_32_BIT_CONVERSION = YES;
				GCC_WARN_ABOUT_RETURN_TYPE = YES_ERROR;
				GCC_WARN_UNDECLARED_SELECTOR = YES;
				GCC_WARN_UNINITIALIZED_AUTOS = YES_AGGRESSIVE;
				GCC_WARN_UNUSED_FUNCTION = YES;
				GCC_WARN_UNUSED_VARIABLE = YES;
				IPHONEOS_DEPLOYMENT_TARGET = 18.2;
				LOCALIZATION_PREFERS_STRING_CATALOGS = YES;
				MTL_ENABLE_DEBUG_INFO = NO;
				MTL_FAST_MATH = YES;
				SDKROOT = iphoneos;
				SWIFT_COMPILATION_MODE = wholemodule;
				VALIDATE_PRODUCT = YES;
			};
			name = Release;
		};
		ADD3369C2D6B8D3C00695DCA /* Debug */ = {
			isa = XCBuildConfiguration;
			buildSettings = {
				ASSETCATALOG_COMPILER_APPICON_NAME = AppIcon;
				ASSETCATALOG_COMPILER_GLOBAL_ACCENT_COLOR_NAME = AccentColor;
				CODE_SIGN_STYLE = Automatic;
				CURRENT_PROJECT_VERSION = 1;
				DEVELOPMENT_ASSET_PATHS = "\"bettermathflat/Preview Content\"";
				DEVELOPMENT_TEAM = CA77WYV94L;
				ENABLE_PREVIEWS = YES;
				GENERATE_INFOPLIST_FILE = YES;
				INFOPLIST_KEY_UIApplicationSceneManifest_Generation = YES;
				INFOPLIST_KEY_UIApplicationSupportsIndirectInputEvents = YES;
				INFOPLIST_KEY_UILaunchScreen_Generation = YES;
				INFOPLIST_KEY_UISupportedInterfaceOrientations_iPad = "UIInterfaceOrientationPortrait UIInterfaceOrientationPortraitUpsideDown UIInterfaceOrientationLandscapeLeft UIInterfaceOrientationLandscapeRight";
				INFOPLIST_KEY_UISupportedInterfaceOrientations_iPhone = "UIInterfaceOrientationPortrait UIInterfaceOrientationLandscapeLeft UIInterfaceOrientationLandscapeRight";
				LD_RUNPATH_SEARCH_PATHS = (
					"$(inherited)",
					"@executable_path/Frameworks",
				);
				MARKETING_VERSION = 1.0;
				PRODUCT_BUNDLE_IDENTIFIER = com.youngzheimer.bettermathflat;
				PRODUCT_NAME = "$(TARGET_NAME)";
				SWIFT_EMIT_LOC_STRINGS = YES;
				SWIFT_VERSION = 5.0;
				TARGETED_DEVICE_FAMILY = "1,2";
			};
			name = Debug;
		};
		ADD3369D2D6B8D3C00695DCA /* Release */ = {
			isa = XCBuildConfiguration;
			buildSettings = {
				ASSETCATALOG_COMPILER_APPICON_NAME = AppIcon;
				ASSETCATALOG_COMPILER_GLOBAL_ACCENT_COLOR_NAME = AccentColor;
				CODE_SIGN_STYLE = Automatic;
				CURRENT_PROJECT_VERSION = 1;
				DEVELOPMENT_ASSET_PATHS = "\"bettermathflat/Preview Content\"";
				DEVELOPMENT_TEAM = CA77WYV94L;
				ENABLE_PREVIEWS = YES;
				GENERATE_INFOPLIST_FILE = YES;
				INFOPLIST_KEY_UIApplicationSceneManifest_Generation = YES;
				INFOPLIST_KEY_UIApplicationSupportsIndirectInputEvents = YES;
				INFOPLIST_KEY_UILaunchScreen_Generation = YES;
				INFOPLIST_KEY_UISupportedInterfaceOrientations_iPad = "UIInterfaceOrientationPortrait UIInterfaceOrientationPortraitUpsideDown UIInterfaceOrientationLandscapeLeft UIInterfaceOrientationLandscapeRight";
				INFOPLIST_KEY_UISupportedInterfaceOrientations_iPhone = "UIInterfaceOrientationPortrait UIInterfaceOrientationLandscapeLeft UIInterfaceOrientationLandscapeRight";
				LD_RUNPATH_SEARCH_PATHS = (
					"$(inherited)",
					"@executable_path/Frameworks",
				);
				MARKETING_VERSION = 1.0;
				PRODUCT_BUNDLE_IDENTIFIER = com.youngzheimer.bettermathflat;
				PRODUCT_NAME = "$(TARGET_NAME)";
				SWIFT_EMIT_LOC_STRINGS = YES;
				SWIFT_VERSION = 5.0;
				TARGETED_DEVICE_FAMILY = "1,2";
			};
			name = Release;
		};
		ADD3369F2D6B8D3C00695DCA /* Debug */ = {
			isa = XCBuildConfiguration;
			buildSettings = {
				BUNDLE_LOADER = "$(TEST_HOST)";
				CODE_SIGN_STYLE = Automatic;
				CURRENT_PROJECT_VERSION = 1;
				GENERATE_INFOPLIST_FILE = YES;
				IPHONEOS_DEPLOYMENT_TARGET = 18.2;
				MARKETING_VERSION = 1.0;
				PRODUCT_BUNDLE_IDENTIFIER = com.youngzheimer.bettermathflatTests;
				PRODUCT_NAME = "$(TARGET_NAME)";
				SWIFT_EMIT_LOC_STRINGS = NO;
				SWIFT_VERSION = 5.0;
				TARGETED_DEVICE_FAMILY = "1,2";
				TEST_HOST = "$(BUILT_PRODUCTS_DIR)/bettermathflat.app/$(BUNDLE_EXECUTABLE_FOLDER_PATH)/bettermathflat";
			};
			name = Debug;
		};
		ADD336A02D6B8D3C00695DCA /* Release */ = {
			isa = XCBuildConfiguration;
			buildSettings = {
				BUNDLE_LOADER = "$(TEST_HOST)";
				CODE_SIGN_STYLE = Automatic;
				CURRENT_PROJECT_VERSION = 1;
				GENERATE_INFOPLIST_FILE = YES;
				IPHONEOS_DEPLOYMENT_TARGET = 18.2;
				MARKETING_VERSION = 1.0;
				PRODUCT_BUNDLE_IDENTIFIER = com.youngzheimer.bettermathflatTests;
				PRODUCT_NAME = "$(TARGET_NAME)";
				SWIFT_EMIT_LOC_STRINGS = NO;
				SWIFT_VERSION = 5.0;
				TARGETED_DEVICE_FAMILY = "1,2";
				TEST_HOST = "$(BUILT_PRODUCTS_DIR)/bettermathflat.app/$(BUNDLE_EXECUTABLE_FOLDER_PATH)/bettermathflat";
			};
			name = Release;
		};
		ADD336A22D6B8D3C00695DCA /* Debug */ = {
			isa = XCBuildConfiguration;
			buildSettings = {
				CODE_SIGN_STYLE = Automatic;
				CURRENT_PROJECT_VERSION = 1;
				GENERATE_INFOPLIST_FILE = YES;
				MARKETING_VERSION = 1.0;
				PRODUCT_BUNDLE_IDENTIFIER = com.youngzheimer.bettermathflatUITests;
				PRODUCT_NAME = "$(TARGET_NAME)";
				SWIFT_EMIT_LOC_STRINGS = NO;
				SWIFT_VERSION = 5.0;
				TARGETED_DEVICE_FAMILY = "1,2";
				TEST_TARGET_NAME = bettermathflat;
			};
			name = Debug;
		};
		ADD336A32D6B8D3C00695DCA /* Release */ = {
			isa = XCBuildConfiguration;
			buildSettings = {
				CODE_SIGN_STYLE = Automatic;
				CURRENT_PROJECT_VERSION = 1;
				GENERATE_INFOPLIST_FILE = YES;
				MARKETING_VERSION = 1.0;
				PRODUCT_BUNDLE_IDENTIFIER = com.youngzheimer.bettermathflatUITests;
				PRODUCT_NAME = "$(TARGET_NAME)";
				SWIFT_EMIT_LOC_STRINGS = NO;
				SWIFT_VERSION = 5.0;
				TARGETED_DEVICE_FAMILY = "1,2";
				TEST_TARGET_NAME = bettermathflat;
			};
			name = Release;
		};
/* End XCBuildConfiguration section */

/* Begin XCConfigurationList section */
		ADD336722D6B8D3B00695DCA /* Build configuration list for PBXProject "bettermathflat" */ = {
			isa = XCConfigurationList;
			buildConfigurations = (
				ADD336992D6B8D3C00695DCA /* Debug */,
				ADD3369A2D6B8D3C00695DCA /* Release */,
			);
			defaultConfigurationIsVisible = 0;
			defaultConfigurationName = Release;
		};
		ADD3369B2D6B8D3C00695DCA /* Build configuration list for PBXNativeTarget "bettermathflat" */ = {
			isa = XCConfigurationList;
			buildConfigurations = (
				ADD3369C2D6B8D3C00695DCA /* Debug */,
				ADD3369D2D6B8D3C00695DCA /* Release */,
			);
			defaultConfigurationIsVisible = 0;
			defaultConfigurationName = Release;
		};
		ADD3369E2D6B8D3C00695DCA /* Build configuration list for PBXNativeTarget "bettermathflatTests" */ = {
			isa = XCConfigurationList;
			buildConfigurations = (
				ADD3369F2D6B8D3C00695DCA /* Debug */,
				ADD336A02D6B8D3C00695DCA /* Release */,
			);
			defaultConfigurationIsVisible = 0;
			defaultConfigurationName = Release;
		};
		ADD336A12D6B8D3C00695DCA /* Build configuration list for PBXNativeTarget "bettermathflatUITests" */ = {
			isa = XCConfigurationList;
			buildConfigurations = (
				ADD336A22D6B8D3C00695DCA /* Debug */,
				ADD336A32D6B8D3C00695DCA /* Release */,
			);
			defaultConfigurationIsVisible = 0;
			defaultConfigurationName = Release;
		};
/* End XCConfigurationList section */
	};
	rootObject = ADD3366F2D6B8D3B00695DCA /* Project object */;
}
